{
  "nodes": {
    "dotfiles": {
      "flake": false,
      "locked": {
        "lastModified": 1765788024,
        "narHash": "sha256-Irn9hagyFqTxRfXCAcjQR9U8BZ9ddzMc95z6yxOGRE8=",
        "owner": "ArthurDelannoyazerty",
        "repo": "dotfiles",
        "rev": "5622de8af9861b413af1b1e61362f364c1aadbd9",
        "type": "github"
      },
      "original": {
        "owner": "ArthurDelannoyazerty",
        "repo": "dotfiles",
        "type": "github"
      }
    },
    "home-manager": {
      "inputs": {
        "nixpkgs": [
          "nixpkgs"
        ]
      },
      "locked": {
        "lastModified": 1767437240,
        "narHash": "sha256-OA0dBHhccdupFXp+/eaFfb8K1dQxk61in4aF5ITGVX8=",
        "owner": "nix-community",
        "repo": "home-manager",
        "rev": "1cfa305fba94468f665de1bd1b62dddf2e0cb012",
        "type": "github"
      },
      "original": {
        "owner": "nix-community",
        "repo": "home-manager",
        "type": "github"
      }
    },
    "local-finance": {
      "flake": false,
      "locked": {
        "lastModified": 1764362079,
        "narHash": "sha256-1soBgrPVtSlYBWjmTG88cAqpkHJYusKoQMBdAciR2Cs=",
        "owner": "ArthurDelannoyazerty",
        "repo": "local-finance",
        "rev": "23cbbbecd534ce4f234a1190c884963c3e026884",
        "type": "github"
      },
      "original": {
        "owner": "ArthurDelannoyazerty",
        "repo": "local-finance",
        "type": "github"
      }
    },
    "nix-vscode-extensions": {
      "inputs": {
        "nixpkgs": "nixpkgs"
      },
      "locked": {
        "lastModified": 1767405959,
        "narHash": "sha256-K9P7J2W/deP9d1aZOlIvmK+sWCQrk6kcX3T21y3Marc=",
        "owner": "nix-community",
        "repo": "nix-vscode-extensions",
        "rev": "c84c57fb183f7b2318187927d3a82641e6796933",
        "type": "github"
      },
      "original": {
        "owner": "nix-community",
        "repo": "nix-vscode-extensions",
        "type": "github"
      }
    },
    "nixpkgs": {
      "locked": {
        "lastModified": 1766025857,
        "narHash": "sha256-Lav5jJazCW4mdg1iHcROpuXqmM94BWJvabLFWaJVJp0=",
        "owner": "nixos",
        "repo": "nixpkgs",
        "rev": "def3da69945bbe338c373fddad5a1bb49cf199ce",
        "type": "github"
      },
      "original": {
        "owner": "nixos",
        "repo": "nixpkgs",
        "rev": "def3da69945bbe338c373fddad5a1bb49cf199ce",
        "type": "github"
      }
    },
    "nixpkgs_2": {
      "locked": {
        "lastModified": 1767116409,
        "narHash": "sha256-5vKw92l1GyTnjoLzEagJy5V5mDFck72LiQWZSOnSicw=",
        "owner": "NixOS",
        "repo": "nixpkgs",
        "rev": "cad22e7d996aea55ecab064e84834289143e44a0",
        "type": "github"
      },
      "original": {
        "owner": "NixOS",
        "ref": "nixos-unstable",
        "repo": "nixpkgs",
        "type": "github"
      }
    },
    "root": {
      "inputs": {
        "dotfiles": "dotfiles",
        "home-manager": "home-manager",
        "local-finance": "local-finance",
        "nix-vscode-extensions": "nix-vscode-extensions",
        "nixpkgs": "nixpkgs_2"
      }
    }
  },
  "root": "root",
  "version": 7
}
