{
  "nodes": {
    "dotfiles": {
      "flake": false,
      "locked": {
        "lastModified": 1767697959,
        "narHash": "sha256-D12MlHdUDNGyuCS09q/OOacg2CrmvP81Eau+y8eu3eM=",
        "owner": "ArthurDelannoyazerty",
        "repo": "dotfiles",
        "rev": "a4c6dba39bb77a2f41bd342c731e4828c3e58097",
        "type": "github"
      },
      "original": {
        "owner": "ArthurDelannoyazerty",
        "repo": "dotfiles",
        "type": "github"
      }
    },
    "home-manager": {
      "inputs": {
        "nixpkgs": [
          "nixpkgs"
        ]
      },
      "locked": {
        "lastModified": 1772020340,
        "narHash": "sha256-aqBl3GNpCadMoJ/hVkWTijM1Aeilc278MjM+LA3jK6g=",
        "owner": "nix-community",
        "repo": "home-manager",
        "rev": "36e38ca0d9afe4c55405fdf22179a5212243eecc",
        "type": "github"
      },
      "original": {
        "owner": "nix-community",
        "ref": "release-25.11",
        "repo": "home-manager",
        "type": "github"
      }
    },
    "local-finance": {
      "flake": false,
      "locked": {
        "lastModified": 1772978017,
        "narHash": "sha256-3Bep+Yg32E3tujDwoNADcOBG4I8Y5P4UpC2H+QUl+ME=",
        "owner": "ArthurDelannoyazerty",
        "repo": "local-finance",
        "rev": "4dcf5910e65cc58426af14be5d0ac25e7c9f4c0d",
        "type": "github"
      },
      "original": {
        "owner": "ArthurDelannoyazerty",
        "repo": "local-finance",
        "type": "github"
      }
    },
    "nix-vscode-extensions": {
      "inputs": {
        "nixpkgs": "nixpkgs"
      },
      "locked": {
        "lastModified": 1772160053,
        "narHash": "sha256-ZA8B+3MPfHmpZqzEzyjV8j3qQKq8LQitu5qEjSyZ+dQ=",
        "owner": "nix-community",
        "repo": "nix-vscode-extensions",
        "rev": "104487aa06fdff228f52fc05f12808ea69c7daab",
        "type": "github"
      },
      "original": {
        "owner": "nix-community",
        "repo": "nix-vscode-extensions",
        "type": "github"
      }
    },
    "nixpkgs": {
      "locked": {
        "lastModified": 1766025857,
        "narHash": "sha256-Lav5jJazCW4mdg1iHcROpuXqmM94BWJvabLFWaJVJp0=",
        "owner": "nixos",
        "repo": "nixpkgs",
        "rev": "def3da69945bbe338c373fddad5a1bb49cf199ce",
        "type": "github"
      },
      "original": {
        "owner": "nixos",
        "repo": "nixpkgs",
        "rev": "def3da69945bbe338c373fddad5a1bb49cf199ce",
        "type": "github"
      }
    },
    "nixpkgs_2": {
      "locked": {
        "lastModified": 1772047000,
        "narHash": "sha256-7DaQVv4R97cii/Qdfy4tmDZMB2xxtyIvNGSwXBBhSmo=",
        "owner": "NixOS",
        "repo": "nixpkgs",
        "rev": "1267bb4920d0fc06ea916734c11b0bf004bbe17e",
        "type": "github"
      },
      "original": {
        "owner": "NixOS",
        "ref": "nixos-25.11",
        "repo": "nixpkgs",
        "type": "github"
      }
    },
    "root": {
      "inputs": {
        "dotfiles": "dotfiles",
        "home-manager": "home-manager",
        "local-finance": "local-finance",
        "nix-vscode-extensions": "nix-vscode-extensions",
        "nixpkgs": "nixpkgs_2"
      }
    }
  },
  "root": "root",
  "version": 7
}
